// !$*UTF8*$!
{
	archiveVersion = 1;
	classes = {
	};
	objectVersion = 56;
	objects = {

/* Begin PBXBuildFile section */
		2D13D85FC426D209E2445812 /* Pods_SimpleAppiOS.framework in Frameworks */ = {isa = PBXBuildFile; fileRef = 0125413139924BCEB77802FC /* Pods_SimpleAppiOS.framework */; };
		F1E632E72C219A77008A4CDB /* AppDelegate.swift in Sources */ = {isa = PBXBuildFile; fileRef = F1E632E62C219A77008A4CDB /* AppDelegate.swift */; };
		F1E632E92C219A77008A4CDB /* SceneDelegate.swift in Sources */ = {isa = PBXBuildFile; fileRef = F1E632E82C219A77008A4CDB /* SceneDelegate.swift */; };
		F1E632EB2C219A77008A4CDB /* ViewController.swift in Sources */ = {isa = PBXBuildFile; fileRef = F1E632EA2C219A77008A4CDB /* ViewController.swift */; };
		F1E632EE2C219A77008A4CDB /* Base in Resources */ = {isa = PBXBuildFile; fileRef = F1E632ED2C219A77008A4CDB /* Base */; };
		F1E632F02C219A7A008A4CDB /* Assets.xcassets in Resources */ = {isa = PBXBuildFile; fileRef = F1E632EF2C219A7A008A4CDB /* Assets.xcassets */; };
		F1E632F32C219A7A008A4CDB /* Base in Resources */ = {isa = PBXBuildFile; fileRef = F1E632F22C219A7A008A4CDB /* Base */; };
/* End PBXBuildFile section */

/* Begin PBXFileReference section */
		0125413139924BCEB77802FC /* Pods_SimpleAppiOS.framework */ = {isa = PBXFileReference; explicitFileType = wrapper.framework; includeInIndex = 0; path = Pods_SimpleAppiOS.framework; sourceTree = BUILT_PRODUCTS_DIR; };
		757AA4F866044105D99DA017 /* Pods-SimpleAppiOS.release.xcconfig */ = {isa = PBXFileReference; includeInIndex = 1; lastKnownFileType = text.xcconfig; name = "Pods-SimpleAppiOS.release.xcconfig"; path = "Target Support Files/Pods-SimpleAppiOS/Pods-SimpleAppiOS.release.xcconfig"; sourceTree = "<group>"; };
		A6A55307687C15E36F070C4C /* Pods-SimpleAppiOS.debug.xcconfig */ = {isa = PBXFileReference; includeInIndex = 1; lastKnownFileType = text.xcconfig; name = "Pods-SimpleAppiOS.debug.xcconfig"; path = "Target Support Files/Pods-SimpleAppiOS/Pods-SimpleAppiOS.debug.xcconfig"; sourceTree = "<group>"; };
		F1E632E32C219A77008A4CDB /* SimpleAppiOS.app */ = {isa = PBXFileReference; explicitFileType = wrapper.application; includeInIndex = 0; path = SimpleAppiOS.app; sourceTree = BUILT_PRODUCTS_DIR; };
		F1E632E62C219A77008A4CDB /* AppDelegate.swift */ = {isa = PBXFileReference; lastKnownFileType = sourcecode.swift; path = AppDelegate.swift; sourceTree = "<group>"; };
		F1E632E82C219A77008A4CDB /* SceneDelegate.swift */ = {isa = PBXFileReference; lastKnownFileType = sourcecode.swift; path = SceneDelegate.swift; sourceTree = "<group>"; };
		F1E632EA2C219A77008A4CDB /* ViewController.swift */ = {isa = PBXFileReference; lastKnownFileType = sourcecode.swift; path = ViewController.swift; sourceTree = "<group>"; };
		F1E632ED2C219A77008A4CDB /* Base */ = {isa = PBXFileReference; lastKnownFileType = file.storyboard; name = Base; path = Base.lproj/Main.storyboard; sourceTree = "<group>"; };
		F1E632EF2C219A7A008A4CDB /* Assets.xcassets */ = {isa = PBXFileReference; lastKnownFileType = folder.assetcatalog; path = Assets.xcassets; sourceTree = "<group>"; };
		F1E632F22C219A7A008A4CDB /* Base */ = {isa = PBXFileReference; lastKnownFileType = file.storyboard; name = Base; path = Base.lproj/LaunchScreen.storyboard; sourceTree = "<group>"; };
		F1E632F42C219A7A008A4CDB /* Info.plist */ = {isa = PBXFileReference; lastKnownFileType = text.plist.xml; path = Info.plist; sourceTree = "<group>"; };
/* End PBXFileReference section */

/* Begin PBXFrameworksBuildPhase section */
		F1E632E02C219A77008A4CDB /* Frameworks */ = {
			isa = PBXFrameworksBuildPhase;
			buildActionMask = 2147483647;
			files = (
				2D13D85FC426D209E2445812 /* Pods_SimpleAppiOS.framework in Frameworks */,
			);
			runOnlyForDeploymentPostprocessing = 0;
		};
/* End PBXFrameworksBuildPhase section */

/* Begin PBXGroup section */
		22E97BFB283B3936E37926E3 /* Frameworks */ = {
			isa = PBXGroup;
			children = (
				0125413139924BCEB77802FC /* Pods_SimpleAppiOS.framework */,
			);
			name = Frameworks;
			sourceTree = "<group>";
		};
		7C357BA6BDA3126403BFFC5C /* Pods */ = {
			isa = PBXGroup;
			children = (
				A6A55307687C15E36F070C4C /* Pods-SimpleAppiOS.debug.xcconfig */,
				757AA4F866044105D99DA017 /* Pods-SimpleAppiOS.release.xcconfig */,
			);
			path = Pods;
			sourceTree = "<group>";
		};
		F1E632DA2C219A77008A4CDB = {
			isa = PBXGroup;
			children = (
				F1E632E52C219A77008A4CDB /* SimpleAppiOS */,
				F1E632E42C219A77008A4CDB /* Products */,
				7C357BA6BDA3126403BFFC5C /* Pods */,
				22E97BFB283B3936E37926E3 /* Frameworks */,
			);
			sourceTree = "<group>";
		};
		F1E632E42C219A77008A4CDB /* Products */ = {
			isa = PBXGroup;
			children = (
				F1E632E32C219A77008A4CDB /* SimpleAppiOS.app */,
			);
			name = Products;
			sourceTree = "<group>";
		};
		F1E632E52C219A77008A4CDB /* SimpleAppiOS */ = {
			isa = PBXGroup;
			children = (
				F1E632E62C219A77008A4CDB /* AppDelegate.swift */,
				F1E632E82C219A77008A4CDB /* SceneDelegate.swift */,
				F1E632EA2C219A77008A4CDB /* ViewController.swift */,
				F1E632EC2C219A77008A4CDB /* Main.storyboard */,
				F1E632EF2C219A7A008A4CDB /* Assets.xcassets */,
				F1E632F12C219A7A008A4CDB /* LaunchScreen.storyboard */,
				F1E632F42C219A7A008A4CDB /* Info.plist */,
			);
			path = SimpleAppiOS;
			sourceTree = "<group>";
		};
/* End PBXGroup section */

/* Begin PBXNativeTarget section */
		F1E632E22C219A77008A4CDB /* SimpleAppiOS */ = {
			isa = PBXNativeTarget;
			buildConfigurationList = F1E632F72C219A7A008A4CDB /* Build configuration list for PBXNativeTarget "SimpleAppiOS" */;
			buildPhases = (
				092266A05D2BBA448A894786 /* [CP] Check Pods Manifest.lock */,
				F1E632DF2C219A77008A4CDB /* Sources */,
				F1E632E02C219A77008A4CDB /* Frameworks */,
				F1E632E12C219A77008A4CDB /* Resources */,
				20CF8FF5274112F9F320E765 /* [CP] Embed Pods Frameworks */,
				F1E632FA2C219AFA008A4CDB /* ShellScript */,
			);
			buildRules = (
			);
			dependencies = (
			);
			name = SimpleAppiOS;
			productName = SimpleAppiOS;
			productReference = F1E632E32C219A77008A4CDB /* SimpleAppiOS.app */;
			productType = "com.apple.product-type.application";
		};
/* End PBXNativeTarget section */

/* Begin PBXProject section */
		F1E632DB2C219A77008A4CDB /* Project object */ = {
			isa = PBXProject;
			attributes = {
				BuildIndependentTargetsInParallel = 1;
				LastSwiftUpdateCheck = 1530;
				LastUpgradeCheck = 1530;
				TargetAttributes = {
					F1E632E22C219A77008A4CDB = {
						CreatedOnToolsVersion = 15.3;
					};
				};
			};
			buildConfigurationList = F1E632DE2C219A77008A4CDB /* Build configuration list for PBXProject "SimpleAppiOS" */;
			compatibilityVersion = "Xcode 14.0";
			developmentRegion = en;
			hasScannedForEncodings = 0;
			knownRegions = (
				en,
				Base,
			);
			mainGroup = F1E632DA2C219A77008A4CDB;
			productRefGroup = F1E632E42C219A77008A4CDB /* Products */;
			projectDirPath = "";
			projectRoot = "";
			targets = (
				F1E632E22C219A77008A4CDB /* SimpleAppiOS */,
			);
		};
/* End PBXProject section */

/* Begin PBXResourcesBuildPhase section */
		F1E632E12C219A77008A4CDB /* Resources */ = {
			isa = PBXResourcesBuildPhase;
			buildActionMask = 2147483647;
			files = (
				F1E632F02C219A7A008A4CDB /* Assets.xcassets in Resources */,
				F1E632F32C219A7A008A4CDB /* Base in Resources */,
				F1E632EE2C219A77008A4CDB /* Base in Resources */,
			);
			runOnlyForDeploymentPostprocessing = 0;
		};
/* End PBXResourcesBuildPhase section */

/* Begin PBXShellScriptBuildPhase section */
		092266A05D2BBA448A894786 /* [CP] Check Pods Manifest.lock */ = {
			isa = PBXShellScriptBuildPhase;
			buildActionMask = 2147483647;
			files = (
			);
			inputFileListPaths = (
			);
			inputPaths = (
				"${PODS_PODFILE_DIR_PATH}/Podfile.lock",
				"${PODS_ROOT}/Manifest.lock",
			);
			name = "[CP] Check Pods Manifest.lock";
			outputFileListPaths = (
			);
			outputPaths = (
				"$(DERIVED_FILE_DIR)/Pods-SimpleAppiOS-checkManifestLockResult.txt",
			);
			runOnlyForDeploymentPostprocessing = 0;
			shellPath = /bin/sh;
			shellScript = "diff \"${PODS_PODFILE_DIR_PATH}/Podfile.lock\" \"${PODS_ROOT}/Manifest.lock\" > /dev/null\nif [ $? != 0 ] ; then\n    # print error to STDERR\n    echo \"error: The sandbox is not in sync with the Podfile.lock. Run 'pod install' or update your CocoaPods installation.\" >&2\n    exit 1\nfi\n# This output is used by Xcode 'outputs' to avoid re-running this script phase.\necho \"SUCCESS\" > \"${SCRIPT_OUTPUT_FILE_0}\"\n";
			showEnvVarsInLog = 0;
		};
		20CF8FF5274112F9F320E765 /* [CP] Embed Pods Frameworks */ = {
			isa = PBXShellScriptBuildPhase;
			buildActionMask = 2147483647;
			files = (
			);
			inputFileListPaths = (
				"${PODS_ROOT}/Target Support Files/Pods-SimpleAppiOS/Pods-SimpleAppiOS-frameworks-${CONFIGURATION}-input-files.xcfilelist",
			);
			name = "[CP] Embed Pods Frameworks";
			outputFileListPaths = (
				"${PODS_ROOT}/Target Support Files/Pods-SimpleAppiOS/Pods-SimpleAppiOS-frameworks-${CONFIGURATION}-output-files.xcfilelist",
			);
			runOnlyForDeploymentPostprocessing = 0;
			shellPath = /bin/sh;
			shellScript = "\"${PODS_ROOT}/Target Support Files/Pods-SimpleAppiOS/Pods-SimpleAppiOS-frameworks.sh\"\n";
			showEnvVarsInLog = 0;
		};
		F1E632FA2C219AFA008A4CDB /* ShellScript */ = {
			isa = PBXShellScriptBuildPhase;
			buildActionMask = 2147483647;
			files = (
			);
			inputFileListPaths = (
			);
			inputPaths = (
			);
			outputFileListPaths = (
			);
			outputPaths = (
			);
			runOnlyForDeploymentPostprocessing = 0;
			shellPath = /bin/sh;
			shellScript = "APP_ID=05afc581\nCHANNEL=production\nPORTAL_NAME=simple_demo\n\nionic-cloud live-update download \\\n  --config=\"${SOURCE_ROOT}/.ionic-cloud.yaml\" \\\n  --app-id ${APP_ID} \\\n  --channel-name ${CHANNEL} \\\n  --zip-name ${PORTAL_NAME}.zip\n\n\nunzip ${PORTAL_NAME}.zip -d \\\n  ${BUILT_PRODUCTS_DIR}/${TARGET_NAME}.app/${PORTAL_NAME}\nrm ${PORTAL_NAME}.zip\n";
		};
/* End PBXShellScriptBuildPhase section */

/* Begin PBXSourcesBuildPhase section */
		F1E632DF2C219A77008A4CDB /* Sources */ = {
			isa = PBXSourcesBuildPhase;
			buildActionMask = 2147483647;
			files = (
				F1E632EB2C219A77008A4CDB /* ViewController.swift in Sources */,
				F1E632E72C219A77008A4CDB /* AppDelegate.swift in Sources */,
				F1E632E92C219A77008A4CDB /* SceneDelegate.swift in Sources */,
			);
			runOnlyForDeploymentPostprocessing = 0;
		};
/* End PBXSourcesBuildPhase section */

/* Begin PBXVariantGroup section */
		F1E632EC2C219A77008A4CDB /* Main.storyboard */ = {
			isa = PBXVariantGroup;
			children = (
				F1E632ED2C219A77008A4CDB /* Base */,
			);
			name = Main.storyboard;
			sourceTree = "<group>";
		};
		F1E632F12C219A7A008A4CDB /* LaunchScreen.storyboard */ = {
			isa = PBXVariantGroup;
			children = (
				F1E632F22C219A7A008A4CDB /* Base */,
			);
			name = LaunchScreen.storyboard;
			sourceTree = "<group>";
		};
/* End PBXVariantGroup section */

/* Begin XCBuildConfiguration section */
		F1E632F52C219A7A008A4CDB /* Debug */ = {
			isa = XCBuildConfiguration;
			buildSettings = {
				ALWAYS_SEARCH_USER_PATHS = NO;
				ASSETCATALOG_COMPILER_GENERATE_SWIFT_ASSET_SYMBOL_EXTENSIONS = YES;
				CLANG_ANALYZER_NONNULL = YES;
				CLANG_ANALYZER_NUMBER_OBJECT_CONVERSION = YES_AGGRESSIVE;
				CLANG_CXX_LANGUAGE_STANDARD = "gnu++20";
				CLANG_ENABLE_MODULES = YES;
				CLANG_ENABLE_OBJC_ARC = YES;
				CLANG_ENABLE_OBJC_WEAK = YES;
				CLANG_WARN_BLOCK_CAPTURE_AUTORELEASING = YES;
				CLANG_WARN_BOOL_CONVERSION = YES;
				CLANG_WARN_COMMA = YES;
				CLANG_WARN_CONSTANT_CONVERSION = YES;
				CLANG_WARN_DEPRECATED_OBJC_IMPLEMENTATIONS = YES;
				CLANG_WARN_DIRECT_OBJC_ISA_USAGE = YES_ERROR;
				CLANG_WARN_DOCUMENTATION_COMMENTS = YES;
				CLANG_WARN_EMPTY_BODY = YES;
				CLANG_WARN_ENUM_CONVERSION = YES;
				CLANG_WARN_INFINITE_RECURSION = YES;
				CLANG_WARN_INT_CONVERSION = YES;
				CLANG_WARN_NON_LITERAL_NULL_CONVERSION = YES;
				CLANG_WARN_OBJC_IMPLICIT_RETAIN_SELF = YES;
				CLANG_WARN_OBJC_LITERAL_CONVERSION = YES;
				CLANG_WARN_OBJC_ROOT_CLASS = YES_ERROR;
				CLANG_WARN_QUOTED_INCLUDE_IN_FRAMEWORK_HEADER = YES;
				CLANG_WARN_RANGE_LOOP_ANALYSIS = YES;
				CLANG_WARN_STRICT_PROTOTYPES = YES;
				CLANG_WARN_SUSPICIOUS_MOVE = YES;
				CLANG_WARN_UNGUARDED_AVAILABILITY = YES_AGGRESSIVE;
				CLANG_WARN_UNREACHABLE_CODE = YES;
				CLANG_WARN__DUPLICATE_METHOD_MATCH = YES;
				COPY_PHASE_STRIP = NO;
				DEBUG_INFORMATION_FORMAT = dwarf;
				ENABLE_STRICT_OBJC_MSGSEND = YES;
				ENABLE_TESTABILITY = YES;
				ENABLE_USER_SCRIPT_SANDBOXING = YES;
				GCC_C_LANGUAGE_STANDARD = gnu17;
				GCC_DYNAMIC_NO_PIC = NO;
				GCC_NO_COMMON_BLOCKS = YES;
				GCC_OPTIMIZATION_LEVEL = 0;
				GCC_PREPROCESSOR_DEFINITIONS = (
					"DEBUG=1",
					"$(inherited)",
				);
				GCC_WARN_64_TO_32_BIT_CONVERSION = YES;
				GCC_WARN_ABOUT_RETURN_TYPE = YES_ERROR;
				GCC_WARN_UNDECLARED_SELECTOR = YES;
				GCC_WARN_UNINITIALIZED_AUTOS = YES_AGGRESSIVE;
				GCC_WARN_UNUSED_FUNCTION = YES;
				GCC_WARN_UNUSED_VARIABLE = YES;
				IPHONEOS_DEPLOYMENT_TARGET = 17.4;
				LOCALIZATION_PREFERS_STRING_CATALOGS = YES;
				MTL_ENABLE_DEBUG_INFO = INCLUDE_SOURCE;
				MTL_FAST_MATH = YES;
				ONLY_ACTIVE_ARCH = YES;
				SDKROOT = iphoneos;
				SWIFT_ACTIVE_COMPILATION_CONDITIONS = "DEBUG $(inherited)";
				SWIFT_OPTIMIZATION_LEVEL = "-Onone";
			};
			name = Debug;
		};
		F1E632F62C219A7A008A4CDB /* Release */ = {
			isa = XCBuildConfiguration;
			buildSettings = {
				ALWAYS_SEARCH_USER_PATHS = NO;
				ASSETCATALOG_COMPILER_GENERATE_SWIFT_ASSET_SYMBOL_EXTENSIONS = YES;
				CLANG_ANALYZER_NONNULL = YES;
				CLANG_ANALYZER_NUMBER_OBJECT_CONVERSION = YES_AGGRESSIVE;
				CLANG_CXX_LANGUAGE_STANDARD = "gnu++20";
				CLANG_ENABLE_MODULES = YES;
				CLANG_ENABLE_OBJC_ARC = YES;
				CLANG_ENABLE_OBJC_WEAK = YES;
				CLANG_WARN_BLOCK_CAPTURE_AUTORELEASING = YES;
				CLANG_WARN_BOOL_CONVERSION = YES;
				CLANG_WARN_COMMA = YES;
				CLANG_WARN_CONSTANT_CONVERSION = YES;
				CLANG_WARN_DEPRECATED_OBJC_IMPLEMENTATIONS = YES;
				CLANG_WARN_DIRECT_OBJC_ISA_USAGE = YES_ERROR;
				CLANG_WARN_DOCUMENTATION_COMMENTS = YES;
				CLANG_WARN_EMPTY_BODY = YES;
				CLANG_WARN_ENUM_CONVERSION = YES;
				CLANG_WARN_INFINITE_RECURSION = YES;
				CLANG_WARN_INT_CONVERSION = YES;
				CLANG_WARN_NON_LITERAL_NULL_CONVERSION = YES;
				CLANG_WARN_OBJC_IMPLICIT_RETAIN_SELF = YES;
				CLANG_WARN_OBJC_LITERAL_CONVERSION = YES;
				CLANG_WARN_OBJC_ROOT_CLASS = YES_ERROR;
				CLANG_WARN_QUOTED_INCLUDE_IN_FRAMEWORK_HEADER = YES;
				CLANG_WARN_RANGE_LOOP_ANALYSIS = YES;
				CLANG_WARN_STRICT_PROTOTYPES = YES;
				CLANG_WARN_SUSPICIOUS_MOVE = YES;
				CLANG_WARN_UNGUARDED_AVAILABILITY = YES_AGGRESSIVE;
				CLANG_WARN_UNREACHABLE_CODE = YES;
				CLANG_WARN__DUPLICATE_METHOD_MATCH = YES;
				COPY_PHASE_STRIP = NO;
				DEBUG_INFORMATION_FORMAT = "dwarf-with-dsym";
				ENABLE_NS_ASSERTIONS = NO;
				ENABLE_STRICT_OBJC_MSGSEND = YES;
				ENABLE_USER_SCRIPT_SANDBOXING = YES;
				GCC_C_LANGUAGE_STANDARD = gnu17;
				GCC_NO_COMMON_BLOCKS = YES;
				GCC_WARN_64_TO_32_BIT_CONVERSION = YES;
				GCC_WARN_ABOUT_RETURN_TYPE = YES_ERROR;
				GCC_WARN_UNDECLARED_SELECTOR = YES;
				GCC_WARN_UNINITIALIZED_AUTOS = YES_AGGRESSIVE;
				GCC_WARN_UNUSED_FUNCTION = YES;
				GCC_WARN_UNUSED_VARIABLE = YES;
				IPHONEOS_DEPLOYMENT_TARGET = 17.4;
				LOCALIZATION_PREFERS_STRING_CATALOGS = YES;
				MTL_ENABLE_DEBUG_INFO = NO;
				MTL_FAST_MATH = YES;
				SDKROOT = iphoneos;
				SWIFT_COMPILATION_MODE = wholemodule;
				VALIDATE_PRODUCT = YES;
			};
			name = Release;
		};
		F1E632F82C219A7A008A4CDB /* Debug */ = {
			isa = XCBuildConfiguration;
			baseConfigurationReference = A6A55307687C15E36F070C4C /* Pods-SimpleAppiOS.debug.xcconfig */;
			buildSettings = {
				ASSETCATALOG_COMPILER_APPICON_NAME = AppIcon;
				ASSETCATALOG_COMPILER_GLOBAL_ACCENT_COLOR_NAME = AccentColor;
				CODE_SIGN_STYLE = Automatic;
				CURRENT_PROJECT_VERSION = 1;
				DEVELOPMENT_TEAM = U3QLWV6K6Y;
				ENABLE_USER_SCRIPT_SANDBOXING = NO;
				GENERATE_INFOPLIST_FILE = YES;
				INFOPLIST_FILE = SimpleAppiOS/Info.plist;
				INFOPLIST_KEY_UIApplicationSupportsIndirectInputEvents = YES;
				INFOPLIST_KEY_UILaunchStoryboardName = LaunchScreen;
				INFOPLIST_KEY_UIMainStoryboardFile = Main;
				INFOPLIST_KEY_UISupportedInterfaceOrientations_iPad = "UIInterfaceOrientationPortrait UIInterfaceOrientationPortraitUpsideDown UIInterfaceOrientationLandscapeLeft UIInterfaceOrientationLandscapeRight";
				INFOPLIST_KEY_UISupportedInterfaceOrientations_iPhone = "UIInterfaceOrientationPortrait UIInterfaceOrientationLandscapeLeft UIInterfaceOrientationLandscapeRight";
				IPHONEOS_DEPLOYMENT_TARGET = 15.0;
				LD_RUNPATH_SEARCH_PATHS = (
					"$(inherited)",
					"@executable_path/Frameworks",
				);
				MARKETING_VERSION = 1.0;
				PRODUCT_BUNDLE_IDENTIFIER = com.drafthouse.SimpleAppiOS;
				PRODUCT_NAME = "$(TARGET_NAME)";
				SWIFT_EMIT_LOC_STRINGS = YES;
				SWIFT_VERSION = 5.0;
				TARGETED_DEVICE_FAMILY = "1,2";
			};
			name = Debug;
		};
		F1E632F92C219A7A008A4CDB /* Release */ = {
			isa = XCBuildConfiguration;
			baseConfigurationReference = 757AA4F866044105D99DA017 /* Pods-SimpleAppiOS.release.xcconfig */;
			buildSettings = {
				ASSETCATALOG_COMPILER_APPICON_NAME = AppIcon;
				ASSETCATALOG_COMPILER_GLOBAL_ACCENT_COLOR_NAME = AccentColor;
				CODE_SIGN_STYLE = Automatic;
				CURRENT_PROJECT_VERSION = 1;
				DEVELOPMENT_TEAM = U3QLWV6K6Y;
				ENABLE_USER_SCRIPT_SANDBOXING = NO;
				GENERATE_INFOPLIST_FILE = YES;
				INFOPLIST_FILE = SimpleAppiOS/Info.plist;
				INFOPLIST_KEY_UIApplicationSupportsIndirectInputEvents = YES;
				INFOPLIST_KEY_UILaunchStoryboardName = LaunchScreen;
				INFOPLIST_KEY_UIMainStoryboardFile = Main;
				INFOPLIST_KEY_UISupportedInterfaceOrientations_iPad = "UIInterfaceOrientationPortrait UIInterfaceOrientationPortraitUpsideDown UIInterfaceOrientationLandscapeLeft UIInterfaceOrientationLandscapeRight";
				INFOPLIST_KEY_UISupportedInterfaceOrientations_iPhone = "UIInterfaceOrientationPortrait UIInterfaceOrientationLandscapeLeft UIInterfaceOrientationLandscapeRight";
				IPHONEOS_DEPLOYMENT_TARGET = 15.0;
				LD_RUNPATH_SEARCH_PATHS = (
					"$(inherited)",
					"@executable_path/Frameworks",
				);
				MARKETING_VERSION = 1.0;
				PRODUCT_BUNDLE_IDENTIFIER = com.drafthouse.SimpleAppiOS;
				PRODUCT_NAME = "$(TARGET_NAME)";
				SWIFT_EMIT_LOC_STRINGS = YES;
				SWIFT_VERSION = 5.0;
				TARGETED_DEVICE_FAMILY = "1,2";
			};
			name = Release;
		};
/* End XCBuildConfiguration section */

/* Begin XCConfigurationList section */
		F1E632DE2C219A77008A4CDB /* Build configuration list for PBXProject "SimpleAppiOS" */ = {
			isa = XCConfigurationList;
			buildConfigurations = (
				F1E632F52C219A7A008A4CDB /* Debug */,
				F1E632F62C219A7A008A4CDB /* Release */,
			);
			defaultConfigurationIsVisible = 0;
			defaultConfigurationName = Release;
		};
		F1E632F72C219A7A008A4CDB /* Build configuration list for PBXNativeTarget "SimpleAppiOS" */ = {
			isa = XCConfigurationList;
			buildConfigurations = (
				F1E632F82C219A7A008A4CDB /* Debug */,
				F1E632F92C219A7A008A4CDB /* Release */,
			);
			defaultConfigurationIsVisible = 0;
			defaultConfigurationName = Release;
		};
/* End XCConfigurationList section */
	};
	rootObject = F1E632DB2C219A77008A4CDB /* Project object */;
}
